{
  "lockfile_version": "1",
  "packages": {
    "corepack_18@18.19.0": {
      "last_modified": "2024-02-10T18:15:24Z",
      "resolved": "github:NixOS/nixpkgs/10b813040df67c4039086db0f6eaf65c536886c6#corepack_18",
      "source": "devbox-search",
      "version": "18.19.0",
      "systems": {
        "aarch64-darwin": {
          "store_path": "/nix/store/ms4xxzx3q9l55jzc0bv3iv5nb2gr82yj-corepack-nodejs-18.19.0"
        },
        "aarch64-linux": {
          "store_path": "/nix/store/c689kvx0ga4xdwwmbmag6w5q4pr68vv7-corepack-nodejs-18.19.0"
        },
        "x86_64-darwin": {
          "store_path": "/nix/store/d7myyznbyfn0a62pdrkh9649ixrsnzfd-corepack-nodejs-18.19.0"
        },
        "x86_64-linux": {
          "store_path": "/nix/store/15gi74m7iahf620n2qw2a4x3hb4ahj9b-corepack-nodejs-18.19.0"
        }
      }
    },
    "docker@latest": {
      "last_modified": "2024-02-26T19:46:43Z",
      "resolved": "github:NixOS/nixpkgs/548a86b335d7ecd8b57ec617781f5e652ab0c38e#docker",
      "source": "devbox-search",
      "version": "24.0.5",
      "systems": {
        "aarch64-darwin": {
          "store_path": "/nix/store/m11spa8vqz4mfxzz25r52q99c4im71az-docker-24.0.5"
        },
        "aarch64-linux": {
          "store_path": "/nix/store/yyy9bffh6dx6664q5qmix75igcw3lnzp-docker-24.0.5"
        },
        "x86_64-darwin": {
          "store_path": "/nix/store/b8pbfaamqfqb6j0c5zbl6h0i7qgspzwk-docker-24.0.5"
        },
        "x86_64-linux": {
          "store_path": "/nix/store/0kkrjrgkq3h9nsnh0j03c3xp33rj3l3l-docker-24.0.5"
        }
      }
    },
    "nodejs@18.19.0": {
      "last_modified": "2024-02-10T18:15:24Z",
      "resolved": "github:NixOS/nixpkgs/10b813040df67c4039086db0f6eaf65c536886c6#nodejs_18",
      "source": "devbox-search",
      "version": "18.19.0",
      "systems": {
        "aarch64-darwin": {
          "store_path": "/nix/store/10g4w66jc811y4qfl52w6an8w7yc264z-nodejs-18.19.0"
        },
        "aarch64-linux": {
          "store_path": "/nix/store/cxd7bqzgflywrbdwk87w18g2iyvw4pgb-nodejs-18.19.0"
        },
        "x86_64-darwin": {
          "store_path": "/nix/store/wh0igh0r3c1f1jmxzv8xrcbf0yyrwfd0-nodejs-18.19.0"
        },
        "x86_64-linux": {
          "store_path": "/nix/store/n06fynnjwvca37xmcj73n22hw7svp55c-nodejs-18.19.0"
        }
      }
    }
  }
}
