{
  "lockfile_version": "1",
  "packages": {
    "corepack_20@latest": {
      "last_modified": "2024-08-14T11:41:26Z",
      "resolved": "github:NixOS/nixpkgs/0cb2fd7c59fed0cd82ef858cbcbdb552b9a33465#corepack_20",
      "source": "devbox-search",
      "version": "20.15.1",
      "systems": {
        "aarch64-darwin": {
          "outputs": [
            {
              "name": "out",
              "path": "/nix/store/8ld6zk4rbsawiihg8mw4rirmqaidd9ah-corepack-nodejs-20.15.1",
              "default": true
            }
          ],
          "store_path": "/nix/store/8ld6zk4rbsawiihg8mw4rirmqaidd9ah-corepack-nodejs-20.15.1"
        },
        "aarch64-linux": {
          "outputs": [
            {
              "name": "out",
              "path": "/nix/store/dmvzfffjwn995a9k8ixmdjd4gz89nfxx-corepack-nodejs-20.15.1",
              "default": true
            }
          ],
          "store_path": "/nix/store/dmvzfffjwn995a9k8ixmdjd4gz89nfxx-corepack-nodejs-20.15.1"
        },
        "x86_64-darwin": {
          "outputs": [
            {
              "name": "out",
              "path": "/nix/store/82gq7lxdd4szknhyk2s59jqphz09rya6-corepack-nodejs-20.15.1",
              "default": true
            }
          ],
          "store_path": "/nix/store/82gq7lxdd4szknhyk2s59jqphz09rya6-corepack-nodejs-20.15.1"
        },
        "x86_64-linux": {
          "outputs": [
            {
              "name": "out",
              "path": "/nix/store/n3sh9r56b0ir41r3ishkcnqr5naf4qma-corepack-nodejs-20.15.1",
              "default": true
            }
          ],
          "store_path": "/nix/store/n3sh9r56b0ir41r3ishkcnqr5naf4qma-corepack-nodejs-20.15.1"
        }
      }
    },
    "docker@latest": {
      "last_modified": "2024-08-17T10:40:00Z",
      "resolved": "github:NixOS/nixpkgs/a0d6390cb3e82062a35d0288979c45756e481f60#docker",
      "source": "devbox-search",
      "version": "27.1.1",
      "systems": {
        "aarch64-darwin": {
          "outputs": [
            {
              "name": "out",
              "path": "/nix/store/6hczrp87s1gc43shvfm72li0wgxcdnav-docker-27.1.1",
              "default": true
            }
          ],
          "store_path": "/nix/store/6hczrp87s1gc43shvfm72li0wgxcdnav-docker-27.1.1"
        },
        "aarch64-linux": {
          "outputs": [
            {
              "name": "out",
              "path": "/nix/store/9y377zbhflzw9080lpk8rhbgdmb1sm33-docker-27.1.1",
              "default": true
            }
          ],
          "store_path": "/nix/store/9y377zbhflzw9080lpk8rhbgdmb1sm33-docker-27.1.1"
        },
        "x86_64-darwin": {
          "outputs": [
            {
              "name": "out",
              "path": "/nix/store/bngmcm26xmywy5mmgnvmygb9fjv2252j-docker-27.1.1",
              "default": true
            }
          ],
          "store_path": "/nix/store/bngmcm26xmywy5mmgnvmygb9fjv2252j-docker-27.1.1"
        },
        "x86_64-linux": {
          "outputs": [
            {
              "name": "out",
              "path": "/nix/store/jp31x76yh6x6gdy82c0chd9rha9pk6zf-docker-27.1.1",
              "default": true
            }
          ],
          "store_path": "/nix/store/jp31x76yh6x6gdy82c0chd9rha9pk6zf-docker-27.1.1"
        }
      }
    },
    "nodejs_20@latest": {
      "last_modified": "2024-08-14T11:41:26Z",
      "plugin_version": "0.0.2",
      "resolved": "github:NixOS/nixpkgs/0cb2fd7c59fed0cd82ef858cbcbdb552b9a33465#nodejs_20",
      "source": "devbox-search",
      "version": "20.15.1",
      "systems": {
        "aarch64-darwin": {
          "outputs": [
            {
              "name": "out",
              "path": "/nix/store/5ni7zrr67nkpyk3rcsbwafyxq2w24rms-nodejs-20.15.1",
              "default": true
            },
            {
              "name": "libv8",
              "path": "/nix/store/vb94kns67rzs9m1qy0hn6pw5fr7aycg5-nodejs-20.15.1-libv8"
            }
          ],
          "store_path": "/nix/store/5ni7zrr67nkpyk3rcsbwafyxq2w24rms-nodejs-20.15.1"
        },
        "aarch64-linux": {
          "outputs": [
            {
              "name": "out",
              "path": "/nix/store/rbsgw2jh1grrhr1hkhzl3brg3dkbx29y-nodejs-20.15.1",
              "default": true
            },
            {
              "name": "libv8",
              "path": "/nix/store/kzq56bz77qhivi5ysaxj5vf3rb1mgs6r-nodejs-20.15.1-libv8"
            }
          ],
          "store_path": "/nix/store/rbsgw2jh1grrhr1hkhzl3brg3dkbx29y-nodejs-20.15.1"
        },
        "x86_64-darwin": {
          "outputs": [
            {
              "name": "out",
              "path": "/nix/store/cbdl0p3mz0yycqig42356mh7a0km1d4r-nodejs-20.15.1",
              "default": true
            },
            {
              "name": "libv8",
              "path": "/nix/store/b3dzip928llv3946yjk9l4c38x2d9hdr-nodejs-20.15.1-libv8"
            }
          ],
          "store_path": "/nix/store/cbdl0p3mz0yycqig42356mh7a0km1d4r-nodejs-20.15.1"
        },
        "x86_64-linux": {
          "outputs": [
            {
              "name": "out",
              "path": "/nix/store/v14k93caffbf0xz2g7bqr964grxxqlmj-nodejs-20.15.1",
              "default": true
            },
            {
              "name": "libv8",
              "path": "/nix/store/y3za0qg58rkvi0x9xp6asc5xyyfsf1jn-nodejs-20.15.1-libv8"
            }
          ],
          "store_path": "/nix/store/v14k93caffbf0xz2g7bqr964grxxqlmj-nodejs-20.15.1"
        }
      }
    }
  }
}
